
Microsoft Visual Studio Solution File, Format Version 12.00
Project("{FAE04EC0-301F-11D3-BF4B-00C04F79EFBC}") = "NumberSystem", "NumberSystem\NumberSystem.csproj", "{7F02DA94-C69C-44EC-93F7-25EF912E1F22}"
EndProject
Global
	GlobalSection(SolutionConfigurationPlatforms) = preSolution
		Debug|Any CPU = Debug|Any CPU
		Release|Any CPU = Release|Any CPU
	EndGlobalSection
	GlobalSection(ProjectConfigurationPlatforms) = postSolution
		{7F02DA94-C69C-44EC-93F7-25EF912E1F22}.Debug|Any CPU.ActiveCfg = Debug|Any CPU
		{7F02DA94-C69C-44EC-93F7-25EF912E1F22}.Debug|Any CPU.Build.0 = Debug|Any CPU
		{7F02DA94-C69C-44EC-93F7-25EF912E1F22}.Release|Any CPU.ActiveCfg = Release|Any CPU
		{7F02DA94-C69C-44EC-93F7-25EF912E1F22}.Release|Any CPU.Build.0 = Release|Any CPU
	EndGlobalSection
EndGlobal
